
Microsoft Visual Studio Solution File, Format Version 12.00
# Visual Studio Version 16
VisualStudioVersion = 16.0.29920.165
MinimumVisualStudioVersion = 10.0.40219.1
Project("{FAE04EC0-301F-11D3-BF4B-00C04F79EFBC}") = "Tugas Ahir", "Tugas Ahir\Tugas Ahir.csproj", "{C0A402DB-D9D7-46E7-BBB0-874091A955A7}"
EndProject
Global
	GlobalSection(SolutionConfigurationPlatforms) = preSolution
		Debug|Any CPU = Debug|Any CPU
		Release|Any CPU = Release|Any CPU
	EndGlobalSection
	GlobalSection(ProjectConfigurationPlatforms) = postSolution
		{C0A402DB-D9D7-46E7-BBB0-874091A955A7}.Debug|Any CPU.ActiveCfg = Debug|Any CPU
		{C0A402DB-D9D7-46E7-BBB0-874091A955A7}.Debug|Any CPU.Build.0 = Debug|Any CPU
		{C0A402DB-D9D7-46E7-BBB0-874091A955A7}.Release|Any CPU.ActiveCfg = Release|Any CPU
		{C0A402DB-D9D7-46E7-BBB0-874091A955A7}.Release|Any CPU.Build.0 = Release|Any CPU
	EndGlobalSection
	GlobalSection(SolutionProperties) = preSolution
		HideSolutionNode = FALSE
	EndGlobalSection
	GlobalSection(ExtensibilityGlobals) = postSolution
		SolutionGuid = {0C1CB6E1-2BB8-4E64-BA4D-E8FA7BB48F2F}
	EndGlobalSection
EndGlobal
